
Microsoft Visual Studio Solution File, Format Version 12.00
# Visual Studio Version 16
VisualStudioVersion = 16.0.30804.86
MinimumVisualStudioVersion = 10.0.40219.1
Project("{FAE04EC0-301F-11D3-BF4B-00C04F79EFBC}") = "TrackerLibrary", "TrackerLibrary\TrackerLibrary.csproj", "{663364AE-C368-444C-AC4D-41437E0030C9}"
EndProject
Project("{FAE04EC0-301F-11D3-BF4B-00C04F79EFBC}") = "TrackerUI", "TrackerUI\TrackerUI.csproj", "{56A6A8FD-2C0B-40A5-BB8C-6DF45BBEC16F}"
EndProject
Global
	GlobalSection(SolutionConfigurationPlatforms) = preSolution
		Debug|Any CPU = Debug|Any CPU
		Release|Any CPU = Release|Any CPU
	EndGlobalSection
	GlobalSection(ProjectConfigurationPlatforms) = postSolution
		{663364AE-C368-444C-AC4D-41437E0030C9}.Debug|Any CPU.ActiveCfg = Debug|Any CPU
		{663364AE-C368-444C-AC4D-41437E0030C9}.Debug|Any CPU.Build.0 = Debug|Any CPU
		{663364AE-C368-444C-AC4D-41437E0030C9}.Release|Any CPU.ActiveCfg = Release|Any CPU
		{663364AE-C368-444C-AC4D-41437E0030C9}.Release|Any CPU.Build.0 = Release|Any CPU
		{56A6A8FD-2C0B-40A5-BB8C-6DF45BBEC16F}.Debug|Any CPU.ActiveCfg = Debug|Any CPU
		{56A6A8FD-2C0B-40A5-BB8C-6DF45BBEC16F}.Debug|Any CPU.Build.0 = Debug|Any CPU
		{56A6A8FD-2C0B-40A5-BB8C-6DF45BBEC16F}.Release|Any CPU.ActiveCfg = Release|Any CPU
		{56A6A8FD-2C0B-40A5-BB8C-6DF45BBEC16F}.Release|Any CPU.Build.0 = Release|Any CPU
	EndGlobalSection
	GlobalSection(SolutionProperties) = preSolution
		HideSolutionNode = FALSE
	EndGlobalSection
	GlobalSection(ExtensibilityGlobals) = postSolution
		SolutionGuid = {6F4B5DEF-6E81-4026-9CC3-C414D63307D0}
	EndGlobalSection
EndGlobal
